
Microsoft Visual Studio Solution File, Format Version 12.00
# Visual Studio Version 17
VisualStudioVersion = 17.12.35707.178 d17.12
MinimumVisualStudioVersion = 10.0.40219.1
Project("{FAE04EC0-301F-11D3-BF4B-00C04F79EFBC}") = "Mission5Assignment", "Mission5Assignment\Mission5Assignment.csproj", "{334CB36D-615C-496D-BD73-78B1FF100D48}"
EndProject
Global
	GlobalSection(SolutionConfigurationPlatforms) = preSolution
		Debug|Any CPU = Debug|Any CPU
		Release|Any CPU = Release|Any CPU
	EndGlobalSection
	GlobalSection(ProjectConfigurationPlatforms) = postSolution
		{334CB36D-615C-496D-BD73-78B1FF100D48}.Debug|Any CPU.ActiveCfg = Debug|Any CPU
		{334CB36D-615C-496D-BD73-78B1FF100D48}.Debug|Any CPU.Build.0 = Debug|Any CPU
		{334CB36D-615C-496D-BD73-78B1FF100D48}.Release|Any CPU.ActiveCfg = Release|Any CPU
		{334CB36D-615C-496D-BD73-78B1FF100D48}.Release|Any CPU.Build.0 = Release|Any CPU
	EndGlobalSection
	GlobalSection(SolutionProperties) = preSolution
		HideSolutionNode = FALSE
	EndGlobalSection
EndGlobal
